
Microsoft Visual Studio Solution File, Format Version 12.00
# Visual Studio Version 17
VisualStudioVersion = 17.7.34018.315
MinimumVisualStudioVersion = 10.0.40219.1
Project("{FAE04EC0-301F-11D3-BF4B-00C04F79EFBC}") = "Files Watcher", "Files Watcher.csproj", "{81A68299-4DF7-4656-8039-E5A82A0BD084}"
EndProject
Global
	GlobalSection(SolutionConfigurationPlatforms) = preSolution
		Debug|Any CPU = Debug|Any CPU
		Release|Any CPU = Release|Any CPU
	EndGlobalSection
	GlobalSection(ProjectConfigurationPlatforms) = postSolution
		{81A68299-4DF7-4656-8039-E5A82A0BD084}.Debug|Any CPU.ActiveCfg = Debug|Any CPU
		{81A68299-4DF7-4656-8039-E5A82A0BD084}.Debug|Any CPU.Build.0 = Debug|Any CPU
		{81A68299-4DF7-4656-8039-E5A82A0BD084}.Release|Any CPU.ActiveCfg = Release|Any CPU
		{81A68299-4DF7-4656-8039-E5A82A0BD084}.Release|Any CPU.Build.0 = Release|Any CPU
	EndGlobalSection
	GlobalSection(SolutionProperties) = preSolution
		HideSolutionNode = FALSE
	EndGlobalSection
	GlobalSection(ExtensibilityGlobals) = postSolution
		SolutionGuid = {3686B335-4448-441F-89C4-E6481D1394C5}
	EndGlobalSection
EndGlobal
